// !$*UTF8*$!
{
	archiveVersion = 1;
	classes = {
	};
	objectVersion = 55;
	objects = {

/* Begin PBXBuildFile section */
		7A2EF14D2D93380A0021CE7D /* mina-2.jpg in Resources */ = {isa = PBXBuildFile; fileRef = 7A2EF14C2D93380A0021CE7D /* mina-2.jpg */; };
		7AD5FBD72D8B1E450032E9D0 /* RecordViewController.swift in Sources */ = {isa = PBXBuildFile; fileRef = 7AD5FBD62D8B1E450032E9D0 /* RecordViewController.swift */; };
		7AD5FC582D8B2FEF0032E9D0 /* Record.swift in Sources */ = {isa = PBXBuildFile; fileRef = 7AD5FC572D8B2FEF0032E9D0 /* Record.swift */; };
		7AD5FC5B2D8B32710032E9D0 /* AVFoundation.framework in Frameworks */ = {isa = PBXBuildFile; fileRef = 7AD5FC5A2D8B32710032E9D0 /* AVFoundation.framework */; };
		7AF31F512D83D34800DA0A62 /* MinasUICollectionViewController.swift in Sources */ = {isa = PBXBuildFile; fileRef = 7AF31F502D83D34800DA0A62 /* MinasUICollectionViewController.swift */; };
		E34E9BE52D808F01003A9209 /* SplachViewController.swift in Sources */ = {isa = PBXBuildFile; fileRef = E34E9BE42D808F01003A9209 /* SplachViewController.swift */; };
		E34E9C302D89D2FA003A9209 /* GameBoard.swift in Sources */ = {isa = PBXBuildFile; fileRef = E34E9C2F2D89D2FA003A9209 /* GameBoard.swift */; };
		E35DE8F32D930BAD00D3C6B6 /* RecordTableViewCell.xib in Resources */ = {isa = PBXBuildFile; fileRef = E35DE8F12D930BAD00D3C6B6 /* RecordTableViewCell.xib */; };
		E35DE8F42D930BAD00D3C6B6 /* RecordTableViewCell.swift in Sources */ = {isa = PBXBuildFile; fileRef = E35DE8F22D930BAD00D3C6B6 /* RecordTableViewCell.swift */; };
		E35DE8F72D930E2900D3C6B6 /* MinesweeperViewController.swift in Sources */ = {isa = PBXBuildFile; fileRef = E35DE8F52D930E2900D3C6B6 /* MinesweeperViewController.swift */; };
		E35DE8F82D930E2900D3C6B6 /* MinasCollectionViewController.swift in Sources */ = {isa = PBXBuildFile; fileRef = E35DE8F62D930E2900D3C6B6 /* MinasCollectionViewController.swift */; };
		E35DE8FA2D930E4400D3C6B6 /* Cell.swift in Sources */ = {isa = PBXBuildFile; fileRef = E35DE8F92D930E4400D3C6B6 /* Cell.swift */; };
		E35DE9022D9333B300D3C6B6 /* bomba.mp3 in Resources */ = {isa = PBXBuildFile; fileRef = E35DE9002D9333B300D3C6B6 /* bomba.mp3 */; };
		E35DE9032D9333B300D3C6B6 /* sound-9.mp3 in Resources */ = {isa = PBXBuildFile; fileRef = E35DE9012D9333B300D3C6B6 /* sound-9.mp3 */; };
		E35DE9052D93341000D3C6B6 /* fondoMinas.jpg in Resources */ = {isa = PBXBuildFile; fileRef = E35DE9042D93341000D3C6B6 /* fondoMinas.jpg */; };
		E3A17CEA2D72C34800E0BC88 /* AppDelegate.swift in Sources */ = {isa = PBXBuildFile; fileRef = E3A17CE92D72C34800E0BC88 /* AppDelegate.swift */; };
		E3A17CEC2D72C34800E0BC88 /* SceneDelegate.swift in Sources */ = {isa = PBXBuildFile; fileRef = E3A17CEB2D72C34800E0BC88 /* SceneDelegate.swift */; };
		E3A17CEE2D72C34800E0BC88 /* ViewController.swift in Sources */ = {isa = PBXBuildFile; fileRef = E3A17CED2D72C34800E0BC88 /* ViewController.swift */; };
		E3A17CF12D72C34800E0BC88 /* Main.storyboard in Resources */ = {isa = PBXBuildFile; fileRef = E3A17CEF2D72C34800E0BC88 /* Main.storyboard */; };
		E3A17CF32D72C34D00E0BC88 /* Assets.xcassets in Resources */ = {isa = PBXBuildFile; fileRef = E3A17CF22D72C34D00E0BC88 /* Assets.xcassets */; };
		E3A17CF62D72C34D00E0BC88 /* LaunchScreen.storyboard in Resources */ = {isa = PBXBuildFile; fileRef = E3A17CF42D72C34D00E0BC88 /* LaunchScreen.storyboard */; };
		E3A17D722D79F54B00E0BC88 /* 1.jpeg in Resources */ = {isa = PBXBuildFile; fileRef = E3A17D6A2D79F54B00E0BC88 /* 1.jpeg */; };
		E3A17D732D79F54B00E0BC88 /* imagen1.jpeg in Resources */ = {isa = PBXBuildFile; fileRef = E3A17D6B2D79F54B00E0BC88 /* imagen1.jpeg */; };
		E3A17D742D79F54B00E0BC88 /* bandera.jpeg in Resources */ = {isa = PBXBuildFile; fileRef = E3A17D6C2D79F54B00E0BC88 /* bandera.jpeg */; };
		E3A17D752D79F54B00E0BC88 /* 2.jpeg in Resources */ = {isa = PBXBuildFile; fileRef = E3A17D6D2D79F54B00E0BC88 /* 2.jpeg */; };
		E3A17D762D79F54B00E0BC88 /* icono.jpeg in Resources */ = {isa = PBXBuildFile; fileRef = E3A17D6E2D79F54B00E0BC88 /* icono.jpeg */; };
		E3A17D772D79F54B00E0BC88 /* bomba.jpg in Resources */ = {isa = PBXBuildFile; fileRef = E3A17D6F2D79F54B00E0BC88 /* bomba.jpg */; };
		E3A17D782D79F54B00E0BC88 /* UTT.jpeg in Resources */ = {isa = PBXBuildFile; fileRef = E3A17D702D79F54B00E0BC88 /* UTT.jpeg */; };
		E3A17D792D79F54B00E0BC88 /* 3.jpeg in Resources */ = {isa = PBXBuildFile; fileRef = E3A17D712D79F54B00E0BC88 /* 3.jpeg */; };
		E3A17D832D7A31ED00E0BC88 /* MinasCollectionViewCell.xib in Resources */ = {isa = PBXBuildFile; fileRef = E3A17D812D7A31ED00E0BC88 /* MinasCollectionViewCell.xib */; };
		E3A17D842D7A31ED00E0BC88 /* MinasCollectionViewCell.swift in Sources */ = {isa = PBXBuildFile; fileRef = E3A17D822D7A31ED00E0BC88 /* MinasCollectionViewCell.swift */; };
		E3A17D862D7A334300E0BC88 /* fondo.jpeg in Resources */ = {isa = PBXBuildFile; fileRef = E3A17D852D7A334300E0BC88 /* fondo.jpeg */; };
		E3A17D8C2D7A79E900E0BC88 /* titulo.jpeg in Resources */ = {isa = PBXBuildFile; fileRef = E3A17D8B2D7A79E900E0BC88 /* titulo.jpeg */; };
		E3A17D8E2D7A7B6100E0BC88 /* Cool Text - Responsables 477650993489581.png in Resources */ = {isa = PBXBuildFile; fileRef = E3A17D8D2D7A7B6100E0BC88 /* Cool Text - Responsables 477650993489581.png */; };
/* End PBXBuildFile section */

/* Begin PBXFileReference section */
		7A2EF14C2D93380A0021CE7D /* mina-2.jpg */ = {isa = PBXFileReference; lastKnownFileType = image.jpeg; path = "mina-2.jpg"; sourceTree = "<group>"; };
		7AD5FBD62D8B1E450032E9D0 /* RecordViewController.swift */ = {isa = PBXFileReference; lastKnownFileType = sourcecode.swift; path = RecordViewController.swift; sourceTree = "<group>"; };
		7AD5FC572D8B2FEF0032E9D0 /* Record.swift */ = {isa = PBXFileReference; lastKnownFileType = sourcecode.swift; path = Record.swift; sourceTree = "<group>"; };
		7AD5FC5A2D8B32710032E9D0 /* AVFoundation.framework */ = {isa = PBXFileReference; lastKnownFileType = wrapper.framework; name = AVFoundation.framework; path = System/Library/Frameworks/AVFoundation.framework; sourceTree = SDKROOT; };
		7AF31F502D83D34800DA0A62 /* MinasUICollectionViewController.swift */ = {isa = PBXFileReference; lastKnownFileType = sourcecode.swift; path = MinasUICollectionViewController.swift; sourceTree = "<group>"; };
		E34E9BE42D808F01003A9209 /* SplachViewController.swift */ = {isa = PBXFileReference; lastKnownFileType = sourcecode.swift; path = SplachViewController.swift; sourceTree = "<group>"; };
		E34E9C2F2D89D2FA003A9209 /* GameBoard.swift */ = {isa = PBXFileReference; lastKnownFileType = sourcecode.swift; path = GameBoard.swift; sourceTree = "<group>"; };
		E35DE8F12D930BAD00D3C6B6 /* RecordTableViewCell.xib */ = {isa = PBXFileReference; fileEncoding = 4; lastKnownFileType = file.xib; path = RecordTableViewCell.xib; sourceTree = "<group>"; };
		E35DE8F22D930BAD00D3C6B6 /* RecordTableViewCell.swift */ = {isa = PBXFileReference; fileEncoding = 4; lastKnownFileType = sourcecode.swift; path = RecordTableViewCell.swift; sourceTree = "<group>"; };
		E35DE8F52D930E2900D3C6B6 /* MinesweeperViewController.swift */ = {isa = PBXFileReference; fileEncoding = 4; lastKnownFileType = sourcecode.swift; path = MinesweeperViewController.swift; sourceTree = "<group>"; };
		E35DE8F62D930E2900D3C6B6 /* MinasCollectionViewController.swift */ = {isa = PBXFileReference; fileEncoding = 4; lastKnownFileType = sourcecode.swift; path = MinasCollectionViewController.swift; sourceTree = "<group>"; };
		E35DE8F92D930E4400D3C6B6 /* Cell.swift */ = {isa = PBXFileReference; fileEncoding = 4; lastKnownFileType = sourcecode.swift; path = Cell.swift; sourceTree = "<group>"; };
		E35DE9002D9333B300D3C6B6 /* bomba.mp3 */ = {isa = PBXFileReference; lastKnownFileType = audio.mp3; path = bomba.mp3; sourceTree = "<group>"; };
		E35DE9012D9333B300D3C6B6 /* sound-9.mp3 */ = {isa = PBXFileReference; lastKnownFileType = audio.mp3; path = "sound-9.mp3"; sourceTree = "<group>"; };
		E35DE9042D93341000D3C6B6 /* fondoMinas.jpg */ = {isa = PBXFileReference; lastKnownFileType = image.jpeg; path = fondoMinas.jpg; sourceTree = "<group>"; };
		E3A17CE62D72C34800E0BC88 /* Proyecto2.app */ = {isa = PBXFileReference; explicitFileType = wrapper.application; includeInIndex = 0; path = Proyecto2.app; sourceTree = BUILT_PRODUCTS_DIR; };
		E3A17CE92D72C34800E0BC88 /* AppDelegate.swift */ = {isa = PBXFileReference; lastKnownFileType = sourcecode.swift; path = AppDelegate.swift; sourceTree = "<group>"; };
		E3A17CEB2D72C34800E0BC88 /* SceneDelegate.swift */ = {isa = PBXFileReference; lastKnownFileType = sourcecode.swift; path = SceneDelegate.swift; sourceTree = "<group>"; };
		E3A17CED2D72C34800E0BC88 /* ViewController.swift */ = {isa = PBXFileReference; lastKnownFileType = sourcecode.swift; path = ViewController.swift; sourceTree = "<group>"; };
		E3A17CF02D72C34800E0BC88 /* Base */ = {isa = PBXFileReference; lastKnownFileType = file.storyboard; name = Base; path = Base.lproj/Main.storyboard; sourceTree = "<group>"; };
		E3A17CF22D72C34D00E0BC88 /* Assets.xcassets */ = {isa = PBXFileReference; lastKnownFileType = folder.assetcatalog; path = Assets.xcassets; sourceTree = "<group>"; };
		E3A17CF52D72C34D00E0BC88 /* Base */ = {isa = PBXFileReference; lastKnownFileType = file.storyboard; name = Base; path = Base.lproj/LaunchScreen.storyboard; sourceTree = "<group>"; };
		E3A17CF72D72C34E00E0BC88 /* Info.plist */ = {isa = PBXFileReference; lastKnownFileType = text.plist.xml; path = Info.plist; sourceTree = "<group>"; };
		E3A17D6A2D79F54B00E0BC88 /* 1.jpeg */ = {isa = PBXFileReference; lastKnownFileType = image.jpeg; path = 1.jpeg; sourceTree = "<group>"; };
		E3A17D6B2D79F54B00E0BC88 /* imagen1.jpeg */ = {isa = PBXFileReference; lastKnownFileType = image.jpeg; path = imagen1.jpeg; sourceTree = "<group>"; };
		E3A17D6C2D79F54B00E0BC88 /* bandera.jpeg */ = {isa = PBXFileReference; lastKnownFileType = image.jpeg; path = bandera.jpeg; sourceTree = "<group>"; };
		E3A17D6D2D79F54B00E0BC88 /* 2.jpeg */ = {isa = PBXFileReference; lastKnownFileType = image.jpeg; path = 2.jpeg; sourceTree = "<group>"; };
		E3A17D6E2D79F54B00E0BC88 /* icono.jpeg */ = {isa = PBXFileReference; lastKnownFileType = image.jpeg; path = icono.jpeg; sourceTree = "<group>"; };
		E3A17D6F2D79F54B00E0BC88 /* bomba.jpg */ = {isa = PBXFileReference; lastKnownFileType = image.jpeg; path = bomba.jpg; sourceTree = "<group>"; };
		E3A17D702D79F54B00E0BC88 /* UTT.jpeg */ = {isa = PBXFileReference; lastKnownFileType = image.jpeg; path = UTT.jpeg; sourceTree = "<group>"; };
		E3A17D712D79F54B00E0BC88 /* 3.jpeg */ = {isa = PBXFileReference; lastKnownFileType = image.jpeg; path = 3.jpeg; sourceTree = "<group>"; };
		E3A17D812D7A31ED00E0BC88 /* MinasCollectionViewCell.xib */ = {isa = PBXFileReference; fileEncoding = 4; lastKnownFileType = file.xib; path = MinasCollectionViewCell.xib; sourceTree = "<group>"; };
		E3A17D822D7A31ED00E0BC88 /* MinasCollectionViewCell.swift */ = {isa = PBXFileReference; fileEncoding = 4; lastKnownFileType = sourcecode.swift; path = MinasCollectionViewCell.swift; sourceTree = "<group>"; };
		E3A17D852D7A334300E0BC88 /* fondo.jpeg */ = {isa = PBXFileReference; lastKnownFileType = image.jpeg; path = fondo.jpeg; sourceTree = "<group>"; };
		E3A17D8B2D7A79E900E0BC88 /* titulo.jpeg */ = {isa = PBXFileReference; lastKnownFileType = image.jpeg; path = titulo.jpeg; sourceTree = "<group>"; };
		E3A17D8D2D7A7B6100E0BC88 /* Cool Text - Responsables 477650993489581.png */ = {isa = PBXFileReference; lastKnownFileType = image.png; path = "Cool Text - Responsables 477650993489581.png"; sourceTree = "<group>"; };
/* End PBXFileReference section */

/* Begin PBXFrameworksBuildPhase section */
		E3A17CE32D72C34800E0BC88 /* Frameworks */ = {
			isa = PBXFrameworksBuildPhase;
			buildActionMask = 2147483647;
			files = (
				7AD5FC5B2D8B32710032E9D0 /* AVFoundation.framework in Frameworks */,
			);
			runOnlyForDeploymentPostprocessing = 0;
		};
/* End PBXFrameworksBuildPhase section */

/* Begin PBXGroup section */
		7AD5FC592D8B32700032E9D0 /* Frameworks */ = {
			isa = PBXGroup;
			children = (
				7AD5FC5A2D8B32710032E9D0 /* AVFoundation.framework */,
			);
			name = Frameworks;
			sourceTree = "<group>";
		};
		E35DE8F02D930BAD00D3C6B6 /* CeldaRecord */ = {
			isa = PBXGroup;
			children = (
				E35DE8F12D930BAD00D3C6B6 /* RecordTableViewCell.xib */,
				E35DE8F22D930BAD00D3C6B6 /* RecordTableViewCell.swift */,
			);
			path = CeldaRecord;
			sourceTree = "<group>";
		};
		E35DE8FF2D9333B300D3C6B6 /* sonidos */ = {
			isa = PBXGroup;
			children = (
				E35DE9002D9333B300D3C6B6 /* bomba.mp3 */,
				E35DE9012D9333B300D3C6B6 /* sound-9.mp3 */,
			);
			path = sonidos;
			sourceTree = "<group>";
		};
		E3A17CDD2D72C34800E0BC88 = {
			isa = PBXGroup;
			children = (
				E3A17CE82D72C34800E0BC88 /* Proyecto2 */,
				7AD5FC592D8B32700032E9D0 /* Frameworks */,
				E3A17CE72D72C34800E0BC88 /* Products */,
			);
			sourceTree = "<group>";
		};
		E3A17CE72D72C34800E0BC88 /* Products */ = {
			isa = PBXGroup;
			children = (
				E3A17CE62D72C34800E0BC88 /* Proyecto2.app */,
			);
			name = Products;
			sourceTree = "<group>";
		};
		E3A17CE82D72C34800E0BC88 /* Proyecto2 */ = {
			isa = PBXGroup;
			children = (
				E3A17CE92D72C34800E0BC88 /* AppDelegate.swift */,
				E3A17CEB2D72C34800E0BC88 /* SceneDelegate.swift */,
				E3A17CED2D72C34800E0BC88 /* ViewController.swift */,
				E34E9BE42D808F01003A9209 /* SplachViewController.swift */,
				E3A17CEF2D72C34800E0BC88 /* Main.storyboard */,
				E35DE8FF2D9333B300D3C6B6 /* sonidos */,
				7AF31F502D83D34800DA0A62 /* MinasUICollectionViewController.swift */,
				E3A17CF22D72C34D00E0BC88 /* Assets.xcassets */,
				E34E9C2F2D89D2FA003A9209 /* GameBoard.swift */,
				E3A17D802D7A31ED00E0BC88 /* Cell */,
				E3A17CF42D72C34D00E0BC88 /* LaunchScreen.storyboard */,
				E3A17D692D79F54B00E0BC88 /* BuscaMinasImg */,
				E3A17CF72D72C34E00E0BC88 /* Info.plist */,
				7AD5FBD62D8B1E450032E9D0 /* RecordViewController.swift */,
				E35DE8F62D930E2900D3C6B6 /* MinasCollectionViewController.swift */,
				E35DE8F92D930E4400D3C6B6 /* Cell.swift */,
				E35DE8F52D930E2900D3C6B6 /* MinesweeperViewController.swift */,
				7AD5FC572D8B2FEF0032E9D0 /* Record.swift */,
				E35DE8F02D930BAD00D3C6B6 /* CeldaRecord */,
			);
			path = Proyecto2;
			sourceTree = "<group>";
		};
		E3A17D692D79F54B00E0BC88 /* BuscaMinasImg */ = {
			isa = PBXGroup;
			children = (
				E35DE9042D93341000D3C6B6 /* fondoMinas.jpg */,
				E3A17D8D2D7A7B6100E0BC88 /* Cool Text - Responsables 477650993489581.png */,
				E3A17D8B2D7A79E900E0BC88 /* titulo.jpeg */,
				E3A17D852D7A334300E0BC88 /* fondo.jpeg */,
				7A2EF14C2D93380A0021CE7D /* mina-2.jpg */,
				E3A17D6A2D79F54B00E0BC88 /* 1.jpeg */,
				E3A17D6B2D79F54B00E0BC88 /* imagen1.jpeg */,
				E3A17D6C2D79F54B00E0BC88 /* bandera.jpeg */,
				E3A17D6D2D79F54B00E0BC88 /* 2.jpeg */,
				E3A17D6E2D79F54B00E0BC88 /* icono.jpeg */,
				E3A17D6F2D79F54B00E0BC88 /* bomba.jpg */,
				E3A17D702D79F54B00E0BC88 /* UTT.jpeg */,
				E3A17D712D79F54B00E0BC88 /* 3.jpeg */,
			);
			path = BuscaMinasImg;
			sourceTree = "<group>";
		};
		E3A17D802D7A31ED00E0BC88 /* Cell */ = {
			isa = PBXGroup;
			children = (
				E3A17D812D7A31ED00E0BC88 /* MinasCollectionViewCell.xib */,
				E3A17D822D7A31ED00E0BC88 /* MinasCollectionViewCell.swift */,
			);
			path = Cell;
			sourceTree = "<group>";
		};
/* End PBXGroup section */

/* Begin PBXNativeTarget section */
		E3A17CE52D72C34800E0BC88 /* Proyecto2 */ = {
			isa = PBXNativeTarget;
			buildConfigurationList = E3A17CFA2D72C34E00E0BC88 /* Build configuration list for PBXNativeTarget "Proyecto2" */;
			buildPhases = (
				E3A17CE22D72C34800E0BC88 /* Sources */,
				E3A17CE32D72C34800E0BC88 /* Frameworks */,
				E3A17CE42D72C34800E0BC88 /* Resources */,
			);
			buildRules = (
			);
			dependencies = (
			);
			name = Proyecto2;
			productName = Proyecto2;
			productReference = E3A17CE62D72C34800E0BC88 /* Proyecto2.app */;
			productType = "com.apple.product-type.application";
		};
/* End PBXNativeTarget section */

/* Begin PBXProject section */
		E3A17CDE2D72C34800E0BC88 /* Project object */ = {
			isa = PBXProject;
			attributes = {
				BuildIndependentTargetsInParallel = 1;
				LastSwiftUpdateCheck = 1320;
				LastUpgradeCheck = 1320;
				TargetAttributes = {
					E3A17CE52D72C34800E0BC88 = {
						CreatedOnToolsVersion = 13.2.1;
					};
				};
			};
			buildConfigurationList = E3A17CE12D72C34800E0BC88 /* Build configuration list for PBXProject "Proyecto2" */;
			compatibilityVersion = "Xcode 13.0";
			developmentRegion = en;
			hasScannedForEncodings = 0;
			knownRegions = (
				en,
				Base,
			);
			mainGroup = E3A17CDD2D72C34800E0BC88;
			productRefGroup = E3A17CE72D72C34800E0BC88 /* Products */;
			projectDirPath = "";
			projectRoot = "";
			targets = (
				E3A17CE52D72C34800E0BC88 /* Proyecto2 */,
			);
		};
/* End PBXProject section */

/* Begin PBXResourcesBuildPhase section */
		E3A17CE42D72C34800E0BC88 /* Resources */ = {
			isa = PBXResourcesBuildPhase;
			buildActionMask = 2147483647;
			files = (
				E3A17CF62D72C34D00E0BC88 /* LaunchScreen.storyboard in Resources */,
				E3A17D782D79F54B00E0BC88 /* UTT.jpeg in Resources */,
				E3A17D8E2D7A7B6100E0BC88 /* Cool Text - Responsables 477650993489581.png in Resources */,
				E3A17D732D79F54B00E0BC88 /* imagen1.jpeg in Resources */,
				E3A17D772D79F54B00E0BC88 /* bomba.jpg in Resources */,
				7A2EF14D2D93380A0021CE7D /* mina-2.jpg in Resources */,
				E3A17D862D7A334300E0BC88 /* fondo.jpeg in Resources */,
				E35DE9032D9333B300D3C6B6 /* sound-9.mp3 in Resources */,
				E3A17CF32D72C34D00E0BC88 /* Assets.xcassets in Resources */,
				E3A17CF12D72C34800E0BC88 /* Main.storyboard in Resources */,
				E3A17D722D79F54B00E0BC88 /* 1.jpeg in Resources */,
				E35DE9052D93341000D3C6B6 /* fondoMinas.jpg in Resources */,
				E3A17D832D7A31ED00E0BC88 /* MinasCollectionViewCell.xib in Resources */,
				E35DE8F32D930BAD00D3C6B6 /* RecordTableViewCell.xib in Resources */,
				E35DE9022D9333B300D3C6B6 /* bomba.mp3 in Resources */,
				E3A17D742D79F54B00E0BC88 /* bandera.jpeg in Resources */,
				E3A17D8C2D7A79E900E0BC88 /* titulo.jpeg in Resources */,
				E3A17D762D79F54B00E0BC88 /* icono.jpeg in Resources */,
				E3A17D792D79F54B00E0BC88 /* 3.jpeg in Resources */,
				E3A17D752D79F54B00E0BC88 /* 2.jpeg in Resources */,
			);
			runOnlyForDeploymentPostprocessing = 0;
		};
/* End PBXResourcesBuildPhase section */

/* Begin PBXSourcesBuildPhase section */
		E3A17CE22D72C34800E0BC88 /* Sources */ = {
			isa = PBXSourcesBuildPhase;
			buildActionMask = 2147483647;
			files = (
				E3A17D842D7A31ED00E0BC88 /* MinasCollectionViewCell.swift in Sources */,
				E34E9BE52D808F01003A9209 /* SplachViewController.swift in Sources */,
				7AD5FC582D8B2FEF0032E9D0 /* Record.swift in Sources */,
				E3A17CEE2D72C34800E0BC88 /* ViewController.swift in Sources */,
				E34E9C302D89D2FA003A9209 /* GameBoard.swift in Sources */,
				E35DE8FA2D930E4400D3C6B6 /* Cell.swift in Sources */,
				E35DE8F72D930E2900D3C6B6 /* MinesweeperViewController.swift in Sources */,
				7AF31F512D83D34800DA0A62 /* MinasUICollectionViewController.swift in Sources */,
				E3A17CEA2D72C34800E0BC88 /* AppDelegate.swift in Sources */,
				7AD5FBD72D8B1E450032E9D0 /* RecordViewController.swift in Sources */,
				E35DE8F82D930E2900D3C6B6 /* MinasCollectionViewController.swift in Sources */,
				E35DE8F42D930BAD00D3C6B6 /* RecordTableViewCell.swift in Sources */,
				E3A17CEC2D72C34800E0BC88 /* SceneDelegate.swift in Sources */,
			);
			runOnlyForDeploymentPostprocessing = 0;
		};
/* End PBXSourcesBuildPhase section */

/* Begin PBXVariantGroup section */
		E3A17CEF2D72C34800E0BC88 /* Main.storyboard */ = {
			isa = PBXVariantGroup;
			children = (
				E3A17CF02D72C34800E0BC88 /* Base */,
			);
			name = Main.storyboard;
			sourceTree = "<group>";
		};
		E3A17CF42D72C34D00E0BC88 /* LaunchScreen.storyboard */ = {
			isa = PBXVariantGroup;
			children = (
				E3A17CF52D72C34D00E0BC88 /* Base */,
			);
			name = LaunchScreen.storyboard;
			sourceTree = "<group>";
		};
/* End PBXVariantGroup section */

/* Begin XCBuildConfiguration section */
		E3A17CF82D72C34E00E0BC88 /* Debug */ = {
			isa = XCBuildConfiguration;
			buildSettings = {
				ALWAYS_SEARCH_USER_PATHS = NO;
				CLANG_ANALYZER_NONNULL = YES;
				CLANG_ANALYZER_NUMBER_OBJECT_CONVERSION = YES_AGGRESSIVE;
				CLANG_CXX_LANGUAGE_STANDARD = "gnu++17";
				CLANG_CXX_LIBRARY = "libc++";
				CLANG_ENABLE_MODULES = YES;
				CLANG_ENABLE_OBJC_ARC = YES;
				CLANG_ENABLE_OBJC_WEAK = YES;
				CLANG_WARN_BLOCK_CAPTURE_AUTORELEASING = YES;
				CLANG_WARN_BOOL_CONVERSION = YES;
				CLANG_WARN_COMMA = YES;
				CLANG_WARN_CONSTANT_CONVERSION = YES;
				CLANG_WARN_DEPRECATED_OBJC_IMPLEMENTATIONS = YES;
				CLANG_WARN_DIRECT_OBJC_ISA_USAGE = YES_ERROR;
				CLANG_WARN_DOCUMENTATION_COMMENTS = YES;
				CLANG_WARN_EMPTY_BODY = YES;
				CLANG_WARN_ENUM_CONVERSION = YES;
				CLANG_WARN_INFINITE_RECURSION = YES;
				CLANG_WARN_INT_CONVERSION = YES;
				CLANG_WARN_NON_LITERAL_NULL_CONVERSION = YES;
				CLANG_WARN_OBJC_IMPLICIT_RETAIN_SELF = YES;
				CLANG_WARN_OBJC_LITERAL_CONVERSION = YES;
				CLANG_WARN_OBJC_ROOT_CLASS = YES_ERROR;
				CLANG_WARN_QUOTED_INCLUDE_IN_FRAMEWORK_HEADER = YES;
				CLANG_WARN_RANGE_LOOP_ANALYSIS = YES;
				CLANG_WARN_STRICT_PROTOTYPES = YES;
				CLANG_WARN_SUSPICIOUS_MOVE = YES;
				CLANG_WARN_UNGUARDED_AVAILABILITY = YES_AGGRESSIVE;
				CLANG_WARN_UNREACHABLE_CODE = YES;
				CLANG_WARN__DUPLICATE_METHOD_MATCH = YES;
				COPY_PHASE_STRIP = NO;
				DEBUG_INFORMATION_FORMAT = dwarf;
				ENABLE_STRICT_OBJC_MSGSEND = YES;
				ENABLE_TESTABILITY = YES;
				GCC_C_LANGUAGE_STANDARD = gnu11;
				GCC_DYNAMIC_NO_PIC = NO;
				GCC_NO_COMMON_BLOCKS = YES;
				GCC_OPTIMIZATION_LEVEL = 0;
				GCC_PREPROCESSOR_DEFINITIONS = (
					"DEBUG=1",
					"$(inherited)",
				);
				GCC_WARN_64_TO_32_BIT_CONVERSION = YES;
				GCC_WARN_ABOUT_RETURN_TYPE = YES_ERROR;
				GCC_WARN_UNDECLARED_SELECTOR = YES;
				GCC_WARN_UNINITIALIZED_AUTOS = YES_AGGRESSIVE;
				GCC_WARN_UNUSED_FUNCTION = YES;
				GCC_WARN_UNUSED_VARIABLE = YES;
				IPHONEOS_DEPLOYMENT_TARGET = 15.2;
				MTL_ENABLE_DEBUG_INFO = INCLUDE_SOURCE;
				MTL_FAST_MATH = YES;
				ONLY_ACTIVE_ARCH = YES;
				SDKROOT = iphoneos;
				SWIFT_ACTIVE_COMPILATION_CONDITIONS = DEBUG;
				SWIFT_OPTIMIZATION_LEVEL = "-Onone";
			};
			name = Debug;
		};
		E3A17CF92D72C34E00E0BC88 /* Release */ = {
			isa = XCBuildConfiguration;
			buildSettings = {
				ALWAYS_SEARCH_USER_PATHS = NO;
				CLANG_ANALYZER_NONNULL = YES;
				CLANG_ANALYZER_NUMBER_OBJECT_CONVERSION = YES_AGGRESSIVE;
				CLANG_CXX_LANGUAGE_STANDARD = "gnu++17";
				CLANG_CXX_LIBRARY = "libc++";
				CLANG_ENABLE_MODULES = YES;
				CLANG_ENABLE_OBJC_ARC = YES;
				CLANG_ENABLE_OBJC_WEAK = YES;
				CLANG_WARN_BLOCK_CAPTURE_AUTORELEASING = YES;
				CLANG_WARN_BOOL_CONVERSION = YES;
				CLANG_WARN_COMMA = YES;
				CLANG_WARN_CONSTANT_CONVERSION = YES;
				CLANG_WARN_DEPRECATED_OBJC_IMPLEMENTATIONS = YES;
				CLANG_WARN_DIRECT_OBJC_ISA_USAGE = YES_ERROR;
				CLANG_WARN_DOCUMENTATION_COMMENTS = YES;
				CLANG_WARN_EMPTY_BODY = YES;
				CLANG_WARN_ENUM_CONVERSION = YES;
				CLANG_WARN_INFINITE_RECURSION = YES;
				CLANG_WARN_INT_CONVERSION = YES;
				CLANG_WARN_NON_LITERAL_NULL_CONVERSION = YES;
				CLANG_WARN_OBJC_IMPLICIT_RETAIN_SELF = YES;
				CLANG_WARN_OBJC_LITERAL_CONVERSION = YES;
				CLANG_WARN_OBJC_ROOT_CLASS = YES_ERROR;
				CLANG_WARN_QUOTED_INCLUDE_IN_FRAMEWORK_HEADER = YES;
				CLANG_WARN_RANGE_LOOP_ANALYSIS = YES;
				CLANG_WARN_STRICT_PROTOTYPES = YES;
				CLANG_WARN_SUSPICIOUS_MOVE = YES;
				CLANG_WARN_UNGUARDED_AVAILABILITY = YES_AGGRESSIVE;
				CLANG_WARN_UNREACHABLE_CODE = YES;
				CLANG_WARN__DUPLICATE_METHOD_MATCH = YES;
				COPY_PHASE_STRIP = NO;
				DEBUG_INFORMATION_FORMAT = "dwarf-with-dsym";
				ENABLE_NS_ASSERTIONS = NO;
				ENABLE_STRICT_OBJC_MSGSEND = YES;
				GCC_C_LANGUAGE_STANDARD = gnu11;
				GCC_NO_COMMON_BLOCKS = YES;
				GCC_WARN_64_TO_32_BIT_CONVERSION = YES;
				GCC_WARN_ABOUT_RETURN_TYPE = YES_ERROR;
				GCC_WARN_UNDECLARED_SELECTOR = YES;
				GCC_WARN_UNINITIALIZED_AUTOS = YES_AGGRESSIVE;
				GCC_WARN_UNUSED_FUNCTION = YES;
				GCC_WARN_UNUSED_VARIABLE = YES;
				IPHONEOS_DEPLOYMENT_TARGET = 15.2;
				MTL_ENABLE_DEBUG_INFO = NO;
				MTL_FAST_MATH = YES;
				SDKROOT = iphoneos;
				SWIFT_COMPILATION_MODE = wholemodule;
				SWIFT_OPTIMIZATION_LEVEL = "-O";
				VALIDATE_PRODUCT = YES;
			};
			name = Release;
		};
		E3A17CFB2D72C34E00E0BC88 /* Debug */ = {
			isa = XCBuildConfiguration;
			buildSettings = {
				ASSETCATALOG_COMPILER_APPICON_NAME = AppIcon;
				ASSETCATALOG_COMPILER_GLOBAL_ACCENT_COLOR_NAME = AccentColor;
				CODE_SIGN_STYLE = Automatic;
				CURRENT_PROJECT_VERSION = 1;
				GENERATE_INFOPLIST_FILE = YES;
				INFOPLIST_FILE = Proyecto2/Info.plist;
				INFOPLIST_KEY_UIApplicationSupportsIndirectInputEvents = YES;
				INFOPLIST_KEY_UILaunchStoryboardName = LaunchScreen;
				INFOPLIST_KEY_UIMainStoryboardFile = Main;
				INFOPLIST_KEY_UISupportedInterfaceOrientations = UIInterfaceOrientationPortrait;
				INFOPLIST_KEY_UISupportedInterfaceOrientations_iPad = "UIInterfaceOrientationPortrait UIInterfaceOrientationPortraitUpsideDown UIInterfaceOrientationLandscapeLeft UIInterfaceOrientationLandscapeRight";
				INFOPLIST_KEY_UISupportedInterfaceOrientations_iPhone = "UIInterfaceOrientationPortrait UIInterfaceOrientationLandscapeLeft UIInterfaceOrientationLandscapeRight";
				LD_RUNPATH_SEARCH_PATHS = (
					"$(inherited)",
					"@executable_path/Frameworks",
				);
				MARKETING_VERSION = 1.0;
				PRODUCT_BUNDLE_IDENTIFIER = UTT.Proyecto2;
				PRODUCT_NAME = "$(TARGET_NAME)";
				SUPPORTED_PLATFORMS = "iphoneos iphonesimulator";
				SUPPORTS_MACCATALYST = NO;
				SUPPORTS_MAC_DESIGNED_FOR_IPHONE_IPAD = NO;
				SUPPORTS_XR_DESIGNED_FOR_IPHONE_IPAD = NO;
				SWIFT_EMIT_LOC_STRINGS = YES;
				SWIFT_VERSION = 5.0;
				TARGETED_DEVICE_FAMILY = 1;
			};
			name = Debug;
		};
		E3A17CFC2D72C34E00E0BC88 /* Release */ = {
			isa = XCBuildConfiguration;
			buildSettings = {
				ASSETCATALOG_COMPILER_APPICON_NAME = AppIcon;
				ASSETCATALOG_COMPILER_GLOBAL_ACCENT_COLOR_NAME = AccentColor;
				CODE_SIGN_STYLE = Automatic;
				CURRENT_PROJECT_VERSION = 1;
				GENERATE_INFOPLIST_FILE = YES;
				INFOPLIST_FILE = Proyecto2/Info.plist;
				INFOPLIST_KEY_UIApplicationSupportsIndirectInputEvents = YES;
				INFOPLIST_KEY_UILaunchStoryboardName = LaunchScreen;
				INFOPLIST_KEY_UIMainStoryboardFile = Main;
				INFOPLIST_KEY_UISupportedInterfaceOrientations = UIInterfaceOrientationPortrait;
				INFOPLIST_KEY_UISupportedInterfaceOrientations_iPad = "UIInterfaceOrientationPortrait UIInterfaceOrientationPortraitUpsideDown UIInterfaceOrientationLandscapeLeft UIInterfaceOrientationLandscapeRight";
				INFOPLIST_KEY_UISupportedInterfaceOrientations_iPhone = "UIInterfaceOrientationPortrait UIInterfaceOrientationLandscapeLeft UIInterfaceOrientationLandscapeRight";
				LD_RUNPATH_SEARCH_PATHS = (
					"$(inherited)",
					"@executable_path/Frameworks",
				);
				MARKETING_VERSION = 1.0;
				PRODUCT_BUNDLE_IDENTIFIER = UTT.Proyecto2;
				PRODUCT_NAME = "$(TARGET_NAME)";
				SUPPORTED_PLATFORMS = "iphoneos iphonesimulator";
				SUPPORTS_MACCATALYST = NO;
				SUPPORTS_MAC_DESIGNED_FOR_IPHONE_IPAD = NO;
				SUPPORTS_XR_DESIGNED_FOR_IPHONE_IPAD = NO;
				SWIFT_EMIT_LOC_STRINGS = YES;
				SWIFT_VERSION = 5.0;
				TARGETED_DEVICE_FAMILY = 1;
			};
			name = Release;
		};
/* End XCBuildConfiguration section */

/* Begin XCConfigurationList section */
		E3A17CE12D72C34800E0BC88 /* Build configuration list for PBXProject "Proyecto2" */ = {
			isa = XCConfigurationList;
			buildConfigurations = (
				E3A17CF82D72C34E00E0BC88 /* Debug */,
				E3A17CF92D72C34E00E0BC88 /* Release */,
			);
			defaultConfigurationIsVisible = 0;
			defaultConfigurationName = Release;
		};
		E3A17CFA2D72C34E00E0BC88 /* Build configuration list for PBXNativeTarget "Proyecto2" */ = {
			isa = XCConfigurationList;
			buildConfigurations = (
				E3A17CFB2D72C34E00E0BC88 /* Debug */,
				E3A17CFC2D72C34E00E0BC88 /* Release */,
			);
			defaultConfigurationIsVisible = 0;
			defaultConfigurationName = Release;
		};
/* End XCConfigurationList section */
	};
	rootObject = E3A17CDE2D72C34800E0BC88 /* Project object */;
}
